// !$*UTF8*$!
{
	archiveVersion = 1;
	classes = {
	};
	objectVersion = 46;
	objects = {

/* Begin PBXBuildFile section */
		E1A1C1171BA46EBD00303B0F /* ContatoDao.m in Sources */ = {isa = PBXBuildFile; fileRef = E1A1C1161BA46EBD00303B0F /* ContatoDao.m */; };
		E1A1C11E1BA47E5000303B0F /* ListaContatosViewController.m in Sources */ = {isa = PBXBuildFile; fileRef = E1A1C11D1BA47E5000303B0F /* ListaContatosViewController.m */; };
		E1A1C1201BA4BA5300303B0F /* anotacoes.txt in Resources */ = {isa = PBXBuildFile; fileRef = E1A1C11F1BA4BA5300303B0F /* anotacoes.txt */; };
		E1CC2F151B9B1FC900CF8EA3 /* main.m in Sources */ = {isa = PBXBuildFile; fileRef = E1CC2F141B9B1FC900CF8EA3 /* main.m */; };
		E1CC2F181B9B1FC900CF8EA3 /* AppDelegate.m in Sources */ = {isa = PBXBuildFile; fileRef = E1CC2F171B9B1FC900CF8EA3 /* AppDelegate.m */; };
		E1CC2F1B1B9B1FC900CF8EA3 /* ContatosIP67.xcdatamodeld in Sources */ = {isa = PBXBuildFile; fileRef = E1CC2F191B9B1FC900CF8EA3 /* ContatosIP67.xcdatamodeld */; };
		E1CC2F1E1B9B1FC900CF8EA3 /* FormularioContatoViewController.m in Sources */ = {isa = PBXBuildFile; fileRef = E1CC2F1D1B9B1FC900CF8EA3 /* FormularioContatoViewController.m */; };
		E1CC2F211B9B1FC900CF8EA3 /* Main.storyboard in Resources */ = {isa = PBXBuildFile; fileRef = E1CC2F1F1B9B1FC900CF8EA3 /* Main.storyboard */; };
		E1CC2F231B9B1FC900CF8EA3 /* Images.xcassets in Resources */ = {isa = PBXBuildFile; fileRef = E1CC2F221B9B1FC900CF8EA3 /* Images.xcassets */; };
		E1CC2F261B9B1FC900CF8EA3 /* LaunchScreen.xib in Resources */ = {isa = PBXBuildFile; fileRef = E1CC2F241B9B1FC900CF8EA3 /* LaunchScreen.xib */; };
		E1CC2F321B9B1FC900CF8EA3 /* ContatosIP67Tests.m in Sources */ = {isa = PBXBuildFile; fileRef = E1CC2F311B9B1FC900CF8EA3 /* ContatosIP67Tests.m */; };
		E1CC2F781B9B7C6B00CF8EA3 /* Contato.m in Sources */ = {isa = PBXBuildFile; fileRef = E1CC2F771B9B7C6B00CF8EA3 /* Contato.m */; };
/* End PBXBuildFile section */

/* Begin PBXContainerItemProxy section */
		E1CC2F2C1B9B1FC900CF8EA3 /* PBXContainerItemProxy */ = {
			isa = PBXContainerItemProxy;
			containerPortal = E1CC2F071B9B1FC900CF8EA3 /* Project object */;
			proxyType = 1;
			remoteGlobalIDString = E1CC2F0E1B9B1FC900CF8EA3;
			remoteInfo = ContatosIP67;
		};
/* End PBXContainerItemProxy section */

/* Begin PBXFileReference section */
		E1A1C1151BA46EBD00303B0F /* ContatoDao.h */ = {isa = PBXFileReference; fileEncoding = 4; lastKnownFileType = sourcecode.c.h; name = ContatoDao.h; path = ContatosIP67/dao/ContatoDao.h; sourceTree = "<group>"; };
		E1A1C1161BA46EBD00303B0F /* ContatoDao.m */ = {isa = PBXFileReference; fileEncoding = 4; lastKnownFileType = sourcecode.c.objc; name = ContatoDao.m; path = ContatosIP67/dao/ContatoDao.m; sourceTree = "<group>"; };
		E1A1C11C1BA47E5000303B0F /* ListaContatosViewController.h */ = {isa = PBXFileReference; fileEncoding = 4; lastKnownFileType = sourcecode.c.h; path = ListaContatosViewController.h; sourceTree = "<group>"; };
		E1A1C11D1BA47E5000303B0F /* ListaContatosViewController.m */ = {isa = PBXFileReference; fileEncoding = 4; lastKnownFileType = sourcecode.c.objc; path = ListaContatosViewController.m; sourceTree = "<group>"; };
		E1A1C11F1BA4BA5300303B0F /* anotacoes.txt */ = {isa = PBXFileReference; fileEncoding = 4; lastKnownFileType = text; path = anotacoes.txt; sourceTree = "<group>"; };
		E1CC2F0F1B9B1FC900CF8EA3 /* ContatosIP67.app */ = {isa = PBXFileReference; explicitFileType = wrapper.application; includeInIndex = 0; path = ContatosIP67.app; sourceTree = BUILT_PRODUCTS_DIR; };
		E1CC2F131B9B1FC900CF8EA3 /* Info.plist */ = {isa = PBXFileReference; lastKnownFileType = text.plist.xml; path = Info.plist; sourceTree = "<group>"; };
		E1CC2F141B9B1FC900CF8EA3 /* main.m */ = {isa = PBXFileReference; lastKnownFileType = sourcecode.c.objc; path = main.m; sourceTree = "<group>"; };
		E1CC2F161B9B1FC900CF8EA3 /* AppDelegate.h */ = {isa = PBXFileReference; lastKnownFileType = sourcecode.c.h; path = AppDelegate.h; sourceTree = "<group>"; };
		E1CC2F171B9B1FC900CF8EA3 /* AppDelegate.m */ = {isa = PBXFileReference; lastKnownFileType = sourcecode.c.objc; path = AppDelegate.m; sourceTree = "<group>"; };
		E1CC2F1A1B9B1FC900CF8EA3 /* ContatosIP67.xcdatamodel */ = {isa = PBXFileReference; lastKnownFileType = wrapper.xcdatamodel; path = ContatosIP67.xcdatamodel; sourceTree = "<group>"; };
		E1CC2F1C1B9B1FC900CF8EA3 /* FormularioContatoViewController.h */ = {isa = PBXFileReference; lastKnownFileType = sourcecode.c.h; path = FormularioContatoViewController.h; sourceTree = "<group>"; };
		E1CC2F1D1B9B1FC900CF8EA3 /* FormularioContatoViewController.m */ = {isa = PBXFileReference; lastKnownFileType = sourcecode.c.objc; path = FormularioContatoViewController.m; sourceTree = "<group>"; };
		E1CC2F201B9B1FC900CF8EA3 /* Base */ = {isa = PBXFileReference; lastKnownFileType = file.storyboard; name = Base; path = Base.lproj/Main.storyboard; sourceTree = "<group>"; };
		E1CC2F221B9B1FC900CF8EA3 /* Images.xcassets */ = {isa = PBXFileReference; lastKnownFileType = folder.assetcatalog; path = Images.xcassets; sourceTree = "<group>"; };
		E1CC2F251B9B1FC900CF8EA3 /* Base */ = {isa = PBXFileReference; lastKnownFileType = file.xib; name = Base; path = Base.lproj/LaunchScreen.xib; sourceTree = "<group>"; };
		E1CC2F2B1B9B1FC900CF8EA3 /* ContatosIP67Tests.xctest */ = {isa = PBXFileReference; explicitFileType = wrapper.cfbundle; includeInIndex = 0; path = ContatosIP67Tests.xctest; sourceTree = BUILT_PRODUCTS_DIR; };
		E1CC2F301B9B1FC900CF8EA3 /* Info.plist */ = {isa = PBXFileReference; lastKnownFileType = text.plist.xml; path = Info.plist; sourceTree = "<group>"; };
		E1CC2F311B9B1FC900CF8EA3 /* ContatosIP67Tests.m */ = {isa = PBXFileReference; lastKnownFileType = sourcecode.c.objc; path = ContatosIP67Tests.m; sourceTree = "<group>"; };
		E1CC2F761B9B7C6B00CF8EA3 /* Contato.h */ = {isa = PBXFileReference; fileEncoding = 4; lastKnownFileType = sourcecode.c.h; name = Contato.h; path = ContatosIP67/model/Contato.h; sourceTree = "<group>"; };
		E1CC2F771B9B7C6B00CF8EA3 /* Contato.m */ = {isa = PBXFileReference; fileEncoding = 4; lastKnownFileType = sourcecode.c.objc; name = Contato.m; path = ContatosIP67/model/Contato.m; sourceTree = "<group>"; };
/* End PBXFileReference section */

/* Begin PBXFrameworksBuildPhase section */
		E1CC2F0C1B9B1FC900CF8EA3 /* Frameworks */ = {
			isa = PBXFrameworksBuildPhase;
			buildActionMask = 2147483647;
			files = (
			);
			runOnlyForDeploymentPostprocessing = 0;
		};
		E1CC2F281B9B1FC900CF8EA3 /* Frameworks */ = {
			isa = PBXFrameworksBuildPhase;
			buildActionMask = 2147483647;
			files = (
			);
			runOnlyForDeploymentPostprocessing = 0;
		};
/* End PBXFrameworksBuildPhase section */

/* Begin PBXGroup section */
		E1A1C1181BA46EC100303B0F /* dao */ = {
			isa = PBXGroup;
			children = (
				E1A1C1151BA46EBD00303B0F /* ContatoDao.h */,
				E1A1C1161BA46EBD00303B0F /* ContatoDao.m */,
			);
			name = dao;
			sourceTree = "<group>";
		};
		E1CC2F061B9B1FC900CF8EA3 = {
			isa = PBXGroup;
			children = (
				E1A1C1181BA46EC100303B0F /* dao */,
				E1CC2F791B9B7C7000CF8EA3 /* model */,
				E1CC2F111B9B1FC900CF8EA3 /* ContatosIP67 */,
				E1CC2F2E1B9B1FC900CF8EA3 /* ContatosIP67Tests */,
				E1CC2F101B9B1FC900CF8EA3 /* Products */,
			);
			sourceTree = "<group>";
		};
		E1CC2F101B9B1FC900CF8EA3 /* Products */ = {
			isa = PBXGroup;
			children = (
				E1CC2F0F1B9B1FC900CF8EA3 /* ContatosIP67.app */,
				E1CC2F2B1B9B1FC900CF8EA3 /* ContatosIP67Tests.xctest */,
			);
			name = Products;
			sourceTree = "<group>";
		};
		E1CC2F111B9B1FC900CF8EA3 /* ContatosIP67 */ = {
			isa = PBXGroup;
			children = (
				E1CC2F161B9B1FC900CF8EA3 /* AppDelegate.h */,
				E1CC2F171B9B1FC900CF8EA3 /* AppDelegate.m */,
				E1CC2F1C1B9B1FC900CF8EA3 /* FormularioContatoViewController.h */,
				E1CC2F1D1B9B1FC900CF8EA3 /* FormularioContatoViewController.m */,
				E1A1C11C1BA47E5000303B0F /* ListaContatosViewController.h */,
				E1A1C11D1BA47E5000303B0F /* ListaContatosViewController.m */,
				E1CC2F1F1B9B1FC900CF8EA3 /* Main.storyboard */,
				E1CC2F221B9B1FC900CF8EA3 /* Images.xcassets */,
				E1CC2F241B9B1FC900CF8EA3 /* LaunchScreen.xib */,
				E1CC2F191B9B1FC900CF8EA3 /* ContatosIP67.xcdatamodeld */,
				E1CC2F121B9B1FC900CF8EA3 /* Supporting Files */,
			);
			path = ContatosIP67;
			sourceTree = "<group>";
		};
		E1CC2F121B9B1FC900CF8EA3 /* Supporting Files */ = {
			isa = PBXGroup;
			children = (
				E1CC2F131B9B1FC900CF8EA3 /* Info.plist */,
				E1CC2F141B9B1FC900CF8EA3 /* main.m */,
				E1A1C11F1BA4BA5300303B0F /* anotacoes.txt */,
			);
			name = "Supporting Files";
			sourceTree = "<group>";
		};
		E1CC2F2E1B9B1FC900CF8EA3 /* ContatosIP67Tests */ = {
			isa = PBXGroup;
			children = (
				E1CC2F311B9B1FC900CF8EA3 /* ContatosIP67Tests.m */,
				E1CC2F2F1B9B1FC900CF8EA3 /* Supporting Files */,
			);
			path = ContatosIP67Tests;
			sourceTree = "<group>";
		};
		E1CC2F2F1B9B1FC900CF8EA3 /* Supporting Files */ = {
			isa = PBXGroup;
			children = (
				E1CC2F301B9B1FC900CF8EA3 /* Info.plist */,
			);
			name = "Supporting Files";
			sourceTree = "<group>";
		};
		E1CC2F791B9B7C7000CF8EA3 /* model */ = {
			isa = PBXGroup;
			children = (
				E1CC2F761B9B7C6B00CF8EA3 /* Contato.h */,
				E1CC2F771B9B7C6B00CF8EA3 /* Contato.m */,
			);
			name = model;
			sourceTree = "<group>";
		};
/* End PBXGroup section */

/* Begin PBXNativeTarget section */
		E1CC2F0E1B9B1FC900CF8EA3 /* ContatosIP67 */ = {
			isa = PBXNativeTarget;
			buildConfigurationList = E1CC2F351B9B1FC900CF8EA3 /* Build configuration list for PBXNativeTarget "ContatosIP67" */;
			buildPhases = (
				E1CC2F0B1B9B1FC900CF8EA3 /* Sources */,
				E1CC2F0C1B9B1FC900CF8EA3 /* Frameworks */,
				E1CC2F0D1B9B1FC900CF8EA3 /* Resources */,
			);
			buildRules = (
			);
			dependencies = (
			);
			name = ContatosIP67;
			productName = ContatosIP67;
			productReference = E1CC2F0F1B9B1FC900CF8EA3 /* ContatosIP67.app */;
			productType = "com.apple.product-type.application";
		};
		E1CC2F2A1B9B1FC900CF8EA3 /* ContatosIP67Tests */ = {
			isa = PBXNativeTarget;
			buildConfigurationList = E1CC2F381B9B1FC900CF8EA3 /* Build configuration list for PBXNativeTarget "ContatosIP67Tests" */;
			buildPhases = (
				E1CC2F271B9B1FC900CF8EA3 /* Sources */,
				E1CC2F281B9B1FC900CF8EA3 /* Frameworks */,
				E1CC2F291B9B1FC900CF8EA3 /* Resources */,
			);
			buildRules = (
			);
			dependencies = (
				E1CC2F2D1B9B1FC900CF8EA3 /* PBXTargetDependency */,
			);
			name = ContatosIP67Tests;
			productName = ContatosIP67Tests;
			productReference = E1CC2F2B1B9B1FC900CF8EA3 /* ContatosIP67Tests.xctest */;
			productType = "com.apple.product-type.bundle.unit-test";
		};
/* End PBXNativeTarget section */

/* Begin PBXProject section */
		E1CC2F071B9B1FC900CF8EA3 /* Project object */ = {
			isa = PBXProject;
			attributes = {
				LastUpgradeCheck = 0640;
				ORGANIZATIONNAME = Caelum;
				TargetAttributes = {
					E1CC2F0E1B9B1FC900CF8EA3 = {
						CreatedOnToolsVersion = 6.4;
					};
					E1CC2F2A1B9B1FC900CF8EA3 = {
						CreatedOnToolsVersion = 6.4;
						TestTargetID = E1CC2F0E1B9B1FC900CF8EA3;
					};
				};
			};
			buildConfigurationList = E1CC2F0A1B9B1FC900CF8EA3 /* Build configuration list for PBXProject "ContatosIP67" */;
			compatibilityVersion = "Xcode 3.2";
			developmentRegion = English;
			hasScannedForEncodings = 0;
			knownRegions = (
				en,
				Base,
			);
			mainGroup = E1CC2F061B9B1FC900CF8EA3;
			productRefGroup = E1CC2F101B9B1FC900CF8EA3 /* Products */;
			projectDirPath = "";
			projectRoot = "";
			targets = (
				E1CC2F0E1B9B1FC900CF8EA3 /* ContatosIP67 */,
				E1CC2F2A1B9B1FC900CF8EA3 /* ContatosIP67Tests */,
			);
		};
/* End PBXProject section */

/* Begin PBXResourcesBuildPhase section */
		E1CC2F0D1B9B1FC900CF8EA3 /* Resources */ = {
			isa = PBXResourcesBuildPhase;
			buildActionMask = 2147483647;
			files = (
				E1A1C1201BA4BA5300303B0F /* anotacoes.txt in Resources */,
				E1CC2F211B9B1FC900CF8EA3 /* Main.storyboard in Resources */,
				E1CC2F261B9B1FC900CF8EA3 /* LaunchScreen.xib in Resources */,
				E1CC2F231B9B1FC900CF8EA3 /* Images.xcassets in Resources */,
			);
			runOnlyForDeploymentPostprocessing = 0;
		};
		E1CC2F291B9B1FC900CF8EA3 /* Resources */ = {
			isa = PBXResourcesBuildPhase;
			buildActionMask = 2147483647;
			files = (
			);
			runOnlyForDeploymentPostprocessing = 0;
		};
/* End PBXResourcesBuildPhase section */

/* Begin PBXSourcesBuildPhase section */
		E1CC2F0B1B9B1FC900CF8EA3 /* Sources */ = {
			isa = PBXSourcesBuildPhase;
			buildActionMask = 2147483647;
			files = (
				E1CC2F781B9B7C6B00CF8EA3 /* Contato.m in Sources */,
				E1CC2F181B9B1FC900CF8EA3 /* AppDelegate.m in Sources */,
				E1A1C11E1BA47E5000303B0F /* ListaContatosViewController.m in Sources */,
				E1CC2F1B1B9B1FC900CF8EA3 /* ContatosIP67.xcdatamodeld in Sources */,
				E1A1C1171BA46EBD00303B0F /* ContatoDao.m in Sources */,
				E1CC2F1E1B9B1FC900CF8EA3 /* FormularioContatoViewController.m in Sources */,
				E1CC2F151B9B1FC900CF8EA3 /* main.m in Sources */,
			);
			runOnlyForDeploymentPostprocessing = 0;
		};
		E1CC2F271B9B1FC900CF8EA3 /* Sources */ = {
			isa = PBXSourcesBuildPhase;
			buildActionMask = 2147483647;
			files = (
				E1CC2F321B9B1FC900CF8EA3 /* ContatosIP67Tests.m in Sources */,
			);
			runOnlyForDeploymentPostprocessing = 0;
		};
/* End PBXSourcesBuildPhase section */

/* Begin PBXTargetDependency section */
		E1CC2F2D1B9B1FC900CF8EA3 /* PBXTargetDependency */ = {
			isa = PBXTargetDependency;
			target = E1CC2F0E1B9B1FC900CF8EA3 /* ContatosIP67 */;
			targetProxy = E1CC2F2C1B9B1FC900CF8EA3 /* PBXContainerItemProxy */;
		};
/* End PBXTargetDependency section */

/* Begin PBXVariantGroup section */
		E1CC2F1F1B9B1FC900CF8EA3 /* Main.storyboard */ = {
			isa = PBXVariantGroup;
			children = (
				E1CC2F201B9B1FC900CF8EA3 /* Base */,
			);
			name = Main.storyboard;
			sourceTree = "<group>";
		};
		E1CC2F241B9B1FC900CF8EA3 /* LaunchScreen.xib */ = {
			isa = PBXVariantGroup;
			children = (
				E1CC2F251B9B1FC900CF8EA3 /* Base */,
			);
			name = LaunchScreen.xib;
			sourceTree = "<group>";
		};
/* End PBXVariantGroup section */

/* Begin XCBuildConfiguration section */
		E1CC2F331B9B1FC900CF8EA3 /* Debug */ = {
			isa = XCBuildConfiguration;
			buildSettings = {
				ALWAYS_SEARCH_USER_PATHS = NO;
				CLANG_CXX_LANGUAGE_STANDARD = "gnu++0x";
				CLANG_CXX_LIBRARY = "libc++";
				CLANG_ENABLE_MODULES = YES;
				CLANG_ENABLE_OBJC_ARC = YES;
				CLANG_WARN_BOOL_CONVERSION = YES;
				CLANG_WARN_CONSTANT_CONVERSION = YES;
				CLANG_WARN_DIRECT_OBJC_ISA_USAGE = YES_ERROR;
				CLANG_WARN_EMPTY_BODY = YES;
				CLANG_WARN_ENUM_CONVERSION = YES;
				CLANG_WARN_INT_CONVERSION = YES;
				CLANG_WARN_OBJC_ROOT_CLASS = YES_ERROR;
				CLANG_WARN_UNREACHABLE_CODE = YES;
				CLANG_WARN__DUPLICATE_METHOD_MATCH = YES;
				"CODE_SIGN_IDENTITY[sdk=iphoneos*]" = "iPhone Developer";
				COPY_PHASE_STRIP = NO;
				DEBUG_INFORMATION_FORMAT = "dwarf-with-dsym";
				ENABLE_STRICT_OBJC_MSGSEND = YES;
				GCC_C_LANGUAGE_STANDARD = gnu99;
				GCC_DYNAMIC_NO_PIC = NO;
				GCC_NO_COMMON_BLOCKS = YES;
				GCC_OPTIMIZATION_LEVEL = 0;
				GCC_PREPROCESSOR_DEFINITIONS = (
					"DEBUG=1",
					"$(inherited)",
				);
				GCC_SYMBOLS_PRIVATE_EXTERN = NO;
				GCC_WARN_64_TO_32_BIT_CONVERSION = YES;
				GCC_WARN_ABOUT_RETURN_TYPE = YES_ERROR;
				GCC_WARN_UNDECLARED_SELECTOR = YES;
				GCC_WARN_UNINITIALIZED_AUTOS = YES_AGGRESSIVE;
				GCC_WARN_UNUSED_FUNCTION = YES;
				GCC_WARN_UNUSED_VARIABLE = YES;
				IPHONEOS_DEPLOYMENT_TARGET = 8.4;
				MTL_ENABLE_DEBUG_INFO = YES;
				ONLY_ACTIVE_ARCH = YES;
				SDKROOT = iphoneos;
			};
			name = Debug;
		};
		E1CC2F341B9B1FC900CF8EA3 /* Release */ = {
			isa = XCBuildConfiguration;
			buildSettings = {
				ALWAYS_SEARCH_USER_PATHS = NO;
				CLANG_CXX_LANGUAGE_STANDARD = "gnu++0x";
				CLANG_CXX_LIBRARY = "libc++";
				CLANG_ENABLE_MODULES = YES;
				CLANG_ENABLE_OBJC_ARC = YES;
				CLANG_WARN_BOOL_CONVERSION = YES;
				CLANG_WARN_CONSTANT_CONVERSION = YES;
				CLANG_WARN_DIRECT_OBJC_ISA_USAGE = YES_ERROR;
				CLANG_WARN_EMPTY_BODY = YES;
				CLANG_WARN_ENUM_CONVERSION = YES;
				CLANG_WARN_INT_CONVERSION = YES;
				CLANG_WARN_OBJC_ROOT_CLASS = YES_ERROR;
				CLANG_WARN_UNREACHABLE_CODE = YES;
				CLANG_WARN__DUPLICATE_METHOD_MATCH = YES;
				"CODE_SIGN_IDENTITY[sdk=iphoneos*]" = "iPhone Developer";
				COPY_PHASE_STRIP = NO;
				DEBUG_INFORMATION_FORMAT = "dwarf-with-dsym";
				ENABLE_NS_ASSERTIONS = NO;
				ENABLE_STRICT_OBJC_MSGSEND = YES;
				GCC_C_LANGUAGE_STANDARD = gnu99;
				GCC_NO_COMMON_BLOCKS = YES;
				GCC_WARN_64_TO_32_BIT_CONVERSION = YES;
				GCC_WARN_ABOUT_RETURN_TYPE = YES_ERROR;
				GCC_WARN_UNDECLARED_SELECTOR = YES;
				GCC_WARN_UNINITIALIZED_AUTOS = YES_AGGRESSIVE;
				GCC_WARN_UNUSED_FUNCTION = YES;
				GCC_WARN_UNUSED_VARIABLE = YES;
				IPHONEOS_DEPLOYMENT_TARGET = 8.4;
				MTL_ENABLE_DEBUG_INFO = NO;
				SDKROOT = iphoneos;
				VALIDATE_PRODUCT = YES;
			};
			name = Release;
		};
		E1CC2F361B9B1FC900CF8EA3 /* Debug */ = {
			isa = XCBuildConfiguration;
			buildSettings = {
				ASSETCATALOG_COMPILER_APPICON_NAME = AppIcon;
				INFOPLIST_FILE = ContatosIP67/Info.plist;
				LD_RUNPATH_SEARCH_PATHS = "$(inherited) @executable_path/Frameworks";
				PRODUCT_NAME = "$(TARGET_NAME)";
			};
			name = Debug;
		};
		E1CC2F371B9B1FC900CF8EA3 /* Release */ = {
			isa = XCBuildConfiguration;
			buildSettings = {
				ASSETCATALOG_COMPILER_APPICON_NAME = AppIcon;
				INFOPLIST_FILE = ContatosIP67/Info.plist;
				LD_RUNPATH_SEARCH_PATHS = "$(inherited) @executable_path/Frameworks";
				PRODUCT_NAME = "$(TARGET_NAME)";
			};
			name = Release;
		};
		E1CC2F391B9B1FC900CF8EA3 /* Debug */ = {
			isa = XCBuildConfiguration;
			buildSettings = {
				BUNDLE_LOADER = "$(TEST_HOST)";
				FRAMEWORK_SEARCH_PATHS = (
					"$(SDKROOT)/Developer/Library/Frameworks",
					"$(inherited)",
				);
				GCC_PREPROCESSOR_DEFINITIONS = (
					"DEBUG=1",
					"$(inherited)",
				);
				INFOPLIST_FILE = ContatosIP67Tests/Info.plist;
				LD_RUNPATH_SEARCH_PATHS = "$(inherited) @executable_path/Frameworks @loader_path/Frameworks";
				PRODUCT_NAME = "$(TARGET_NAME)";
				TEST_HOST = "$(BUILT_PRODUCTS_DIR)/ContatosIP67.app/ContatosIP67";
			};
			name = Debug;
		};
		E1CC2F3A1B9B1FC900CF8EA3 /* Release */ = {
			isa = XCBuildConfiguration;
			buildSettings = {
				BUNDLE_LOADER = "$(TEST_HOST)";
				FRAMEWORK_SEARCH_PATHS = (
					"$(SDKROOT)/Developer/Library/Frameworks",
					"$(inherited)",
				);
				INFOPLIST_FILE = ContatosIP67Tests/Info.plist;
				LD_RUNPATH_SEARCH_PATHS = "$(inherited) @executable_path/Frameworks @loader_path/Frameworks";
				PRODUCT_NAME = "$(TARGET_NAME)";
				TEST_HOST = "$(BUILT_PRODUCTS_DIR)/ContatosIP67.app/ContatosIP67";
			};
			name = Release;
		};
/* End XCBuildConfiguration section */

/* Begin XCConfigurationList section */
		E1CC2F0A1B9B1FC900CF8EA3 /* Build configuration list for PBXProject "ContatosIP67" */ = {
			isa = XCConfigurationList;
			buildConfigurations = (
				E1CC2F331B9B1FC900CF8EA3 /* Debug */,
				E1CC2F341B9B1FC900CF8EA3 /* Release */,
			);
			defaultConfigurationIsVisible = 0;
			defaultConfigurationName = Release;
		};
		E1CC2F351B9B1FC900CF8EA3 /* Build configuration list for PBXNativeTarget "ContatosIP67" */ = {
			isa = XCConfigurationList;
			buildConfigurations = (
				E1CC2F361B9B1FC900CF8EA3 /* Debug */,
				E1CC2F371B9B1FC900CF8EA3 /* Release */,
			);
			defaultConfigurationIsVisible = 0;
			defaultConfigurationName = Release;
		};
		E1CC2F381B9B1FC900CF8EA3 /* Build configuration list for PBXNativeTarget "ContatosIP67Tests" */ = {
			isa = XCConfigurationList;
			buildConfigurations = (
				E1CC2F391B9B1FC900CF8EA3 /* Debug */,
				E1CC2F3A1B9B1FC900CF8EA3 /* Release */,
			);
			defaultConfigurationIsVisible = 0;
			defaultConfigurationName = Release;
		};
/* End XCConfigurationList section */

/* Begin XCVersionGroup section */
		E1CC2F191B9B1FC900CF8EA3 /* ContatosIP67.xcdatamodeld */ = {
			isa = XCVersionGroup;
			children = (
				E1CC2F1A1B9B1FC900CF8EA3 /* ContatosIP67.xcdatamodel */,
			);
			currentVersion = E1CC2F1A1B9B1FC900CF8EA3 /* ContatosIP67.xcdatamodel */;
			path = ContatosIP67.xcdatamodeld;
			sourceTree = "<group>";
			versionGroupType = wrapper.xcdatamodel;
		};
/* End XCVersionGroup section */
	};
	rootObject = E1CC2F071B9B1FC900CF8EA3 /* Project object */;
}
